
Microsoft Visual Studio Solution File, Format Version 12.00
# Visual Studio Version 16
VisualStudioVersion = 16.0.30907.101
MinimumVisualStudioVersion = 10.0.40219.1
Project("{FAE04EC0-301F-11D3-BF4B-00C04F79EFBC}") = "CA_Calculate", "CA_Calculate.csproj", "{2EBD4A42-A755-4B85-B80E-092EDE520492}"
EndProject
Project("{FAE04EC0-301F-11D3-BF4B-00C04F79EFBC}") = "CL_DesignPattern", "..\CL_DesignPattern\CL_DesignPattern.csproj", "{42CD668E-7A66-4915-9B5F-C0E08A67299E}"
EndProject
Global
	GlobalSection(SolutionConfigurationPlatforms) = preSolution
		Debug|Any CPU = Debug|Any CPU
		Release|Any CPU = Release|Any CPU
	EndGlobalSection
	GlobalSection(ProjectConfigurationPlatforms) = postSolution
		{2EBD4A42-A755-4B85-B80E-092EDE520492}.Debug|Any CPU.ActiveCfg = Debug|Any CPU
		{2EBD4A42-A755-4B85-B80E-092EDE520492}.Debug|Any CPU.Build.0 = Debug|Any CPU
		{2EBD4A42-A755-4B85-B80E-092EDE520492}.Release|Any CPU.ActiveCfg = Release|Any CPU
		{2EBD4A42-A755-4B85-B80E-092EDE520492}.Release|Any CPU.Build.0 = Release|Any CPU
		{42CD668E-7A66-4915-9B5F-C0E08A67299E}.Debug|Any CPU.ActiveCfg = Debug|Any CPU
		{42CD668E-7A66-4915-9B5F-C0E08A67299E}.Debug|Any CPU.Build.0 = Debug|Any CPU
		{42CD668E-7A66-4915-9B5F-C0E08A67299E}.Release|Any CPU.ActiveCfg = Release|Any CPU
		{42CD668E-7A66-4915-9B5F-C0E08A67299E}.Release|Any CPU.Build.0 = Release|Any CPU
	EndGlobalSection
	GlobalSection(SolutionProperties) = preSolution
		HideSolutionNode = FALSE
	EndGlobalSection
	GlobalSection(ExtensibilityGlobals) = postSolution
		SolutionGuid = {4284E1D8-3AB6-4A4D-82F1-FE69EF34F3BC}
	EndGlobalSection
EndGlobal
